PODS:
  - MarqueeLabel (4.0.5)
  - NotificationBannerSwift (3.0.5):
    - MarqueeLabel (~> 4.0.5)
    - SnapKit (~> 5.0.1)
  - Reveal-SDK (27)
  - SnapKit (5.0.1)

DEPENDENCIES:
  - NotificationBannerSwift (from `../`)
  - Reveal-SDK

SPEC REPOS:
  trunk:
    - MarqueeLabel
    - Reveal-SDK
    - SnapKit

EXTERNAL SOURCES:
  NotificationBannerSwift:
    :path: "../"

SPEC CHECKSUMS:
  MarqueeLabel: 00cc0bcd087111dca575878b3531af980559707d
  NotificationBannerSwift: 7642b11ee9c2ac8a0abda33f9a5b4cb665f068b1
  Reveal-SDK: 306e2880395ee396f5a8b4c485c3a86dd19866c7
  SnapKit: 97b92857e3df3a0c71833cce143274bf6ef8e5eb

PODFILE CHECKSUM: 9da8a8eebe6c6fde318fed3c4233a33c797d63ad

COCOAPODS: 1.10.0
