PODS:
  - MarqueeLabel/Swift (3.1.3)
  - NotificationBannerSwift (1.4.5):
    - MarqueeLabel/Swift
    - SnapKit (~> 4.0)
  - Reveal-iOS-SDK (1.6.2)
  - SnapKit (4.0.0)

DEPENDENCIES:
  - NotificationBannerSwift (from `../`)
  - Reveal-iOS-SDK

EXTERNAL SOURCES:
  NotificationBannerSwift:
    :path: ../

SPEC CHECKSUMS:
  MarqueeLabel: baa5753dcbd36dca080e1f5c589a665aa5c906f1
  NotificationBannerSwift: 9f71f4517461c4c1f558376e6a4d80ff6ce087ec
  Reveal-iOS-SDK: e2250b3c155bcfac53ae223ddc1f76d08f206c33
  SnapKit: a42d492c16e80209130a3379f73596c3454b7694

PODFILE CHECKSUM: 8bfb938ae7498b04428417ceb8c32fce420d1736

COCOAPODS: 1.3.1
