// !$*UTF8*$!
{
	archiveVersion = 1;
	classes = {
	};
	objectVersion = 46;
	objects = {

/* Begin PBXBuildFile section */
		2B9CEC6121692C2100B5DEB9 /* GrowingNotificationBanner.swift in Sources */ = {isa = PBXBuildFile; fileRef = 2B9CEC6021692C2100B5DEB9 /* GrowingNotificationBanner.swift */; };
		5C025F761EE9E09E00ADB444 /* BannerColors.swift in Sources */ = {isa = PBXBuildFile; fileRef = 5C025F6F1EE9E09E00ADB444 /* BannerColors.swift */; };
		5C025F771EE9E09E00ADB444 /* BannerHapticGenerator.swift in Sources */ = {isa = PBXBuildFile; fileRef = 5C025F701EE9E09E00ADB444 /* BannerHapticGenerator.swift */; };
		5C025F781EE9E09E00ADB444 /* BannerStyle.swift in Sources */ = {isa = PBXBuildFile; fileRef = 5C025F711EE9E09E00ADB444 /* BannerStyle.swift */; };
		5C025F791EE9E09E00ADB444 /* BaseNotificationBanner.swift in Sources */ = {isa = PBXBuildFile; fileRef = 5C025F721EE9E09E00ADB444 /* BaseNotificationBanner.swift */; };
		5C025F7A1EE9E09E00ADB444 /* NotificationBanner.swift in Sources */ = {isa = PBXBuildFile; fileRef = 5C025F731EE9E09E00ADB444 /* NotificationBanner.swift */; };
		5C025F7B1EE9E09E00ADB444 /* NotificationBannerQueue.swift in Sources */ = {isa = PBXBuildFile; fileRef = 5C025F741EE9E09E00ADB444 /* NotificationBannerQueue.swift */; };
		5C025F7C1EE9E09E00ADB444 /* StatusBarNotificationBanner.swift in Sources */ = {isa = PBXBuildFile; fileRef = 5C025F751EE9E09E00ADB444 /* StatusBarNotificationBanner.swift */; };
		5C34233C1EB50580004B804C /* CustomBannerColors.swift in Sources */ = {isa = PBXBuildFile; fileRef = 5C34233B1EB50580004B804C /* CustomBannerColors.swift */; };
		5C40232C22DCC5E900FD9E11 /* FloatingNotificationBanner.swift in Sources */ = {isa = PBXBuildFile; fileRef = 5C40232B22DCC5E900FD9E11 /* FloatingNotificationBanner.swift */; };
		5C8542E41EFDCA3A00AFBC90 /* BannerPositionFrame.swift in Sources */ = {isa = PBXBuildFile; fileRef = 5C8542E31EFDCA3A00AFBC90 /* BannerPositionFrame.swift */; };
		5C8890A81F7155840032D605 /* NotificationBannerUtilities.swift in Sources */ = {isa = PBXBuildFile; fileRef = 5C8890A71F7155840032D605 /* NotificationBannerUtilities.swift */; };
		5CBD22411E8353B30041DC8F /* ExampleView.swift in Sources */ = {isa = PBXBuildFile; fileRef = 5CBD22401E8353B30041DC8F /* ExampleView.swift */; };
		5CBD22431E83556E0041DC8F /* BasicNotificationBannerCell.swift in Sources */ = {isa = PBXBuildFile; fileRef = 5CBD22421E83556E0041DC8F /* BasicNotificationBannerCell.swift */; };
		5CBD22471E836DE50041DC8F /* NorthCarolinaBannerView.swift in Sources */ = {isa = PBXBuildFile; fileRef = 5CBD22461E836DE50041DC8F /* NorthCarolinaBannerView.swift */; };
		607FACD61AFB9204008FA782 /* AppDelegate.swift in Sources */ = {isa = PBXBuildFile; fileRef = 607FACD51AFB9204008FA782 /* AppDelegate.swift */; };
		607FACD81AFB9204008FA782 /* ExampleViewController.swift in Sources */ = {isa = PBXBuildFile; fileRef = 607FACD71AFB9204008FA782 /* ExampleViewController.swift */; };
		607FACDD1AFB9204008FA782 /* Images.xcassets in Resources */ = {isa = PBXBuildFile; fileRef = 607FACDC1AFB9204008FA782 /* Images.xcassets */; };
		607FACE01AFB9204008FA782 /* LaunchScreen.xib in Resources */ = {isa = PBXBuildFile; fileRef = 607FACDE1AFB9204008FA782 /* LaunchScreen.xib */; };
		B93482AB4D2354EDAEF1DC5B /* Pods_NotificationBanner_Example.framework in Frameworks */ = {isa = PBXBuildFile; fileRef = F56DACBD7C95DD41B1CB7166 /* Pods_NotificationBanner_Example.framework */; };
/* End PBXBuildFile section */

/* Begin PBXFileReference section */
		23D0884ED7027DCB5F8507CC /* NotificationBannerSwift.podspec */ = {isa = PBXFileReference; includeInIndex = 1; lastKnownFileType = text; name = NotificationBannerSwift.podspec; path = ../NotificationBannerSwift.podspec; sourceTree = "<group>"; xcLanguageSpecificationIdentifier = xcode.lang.ruby; };
		2B9CEC6021692C2100B5DEB9 /* GrowingNotificationBanner.swift */ = {isa = PBXFileReference; fileEncoding = 4; lastKnownFileType = sourcecode.swift; name = GrowingNotificationBanner.swift; path = ../../NotificationBanner/Classes/GrowingNotificationBanner.swift; sourceTree = "<group>"; };
		3088C9C352176F7A8F6F90A2 /* Pods-NotificationBanner_Example.debug.xcconfig */ = {isa = PBXFileReference; includeInIndex = 1; lastKnownFileType = text.xcconfig; name = "Pods-NotificationBanner_Example.debug.xcconfig"; path = "Pods/Target Support Files/Pods-NotificationBanner_Example/Pods-NotificationBanner_Example.debug.xcconfig"; sourceTree = "<group>"; };
		5C025F6F1EE9E09E00ADB444 /* BannerColors.swift */ = {isa = PBXFileReference; fileEncoding = 4; lastKnownFileType = sourcecode.swift; name = BannerColors.swift; path = ../../NotificationBanner/Classes/BannerColors.swift; sourceTree = "<group>"; };
		5C025F701EE9E09E00ADB444 /* BannerHapticGenerator.swift */ = {isa = PBXFileReference; fileEncoding = 4; lastKnownFileType = sourcecode.swift; name = BannerHapticGenerator.swift; path = ../../NotificationBanner/Classes/BannerHapticGenerator.swift; sourceTree = "<group>"; };
		5C025F711EE9E09E00ADB444 /* BannerStyle.swift */ = {isa = PBXFileReference; fileEncoding = 4; lastKnownFileType = sourcecode.swift; name = BannerStyle.swift; path = ../../NotificationBanner/Classes/BannerStyle.swift; sourceTree = "<group>"; };
		5C025F721EE9E09E00ADB444 /* BaseNotificationBanner.swift */ = {isa = PBXFileReference; fileEncoding = 4; lastKnownFileType = sourcecode.swift; name = BaseNotificationBanner.swift; path = ../../NotificationBanner/Classes/BaseNotificationBanner.swift; sourceTree = "<group>"; };
		5C025F731EE9E09E00ADB444 /* NotificationBanner.swift */ = {isa = PBXFileReference; fileEncoding = 4; lastKnownFileType = sourcecode.swift; name = NotificationBanner.swift; path = ../../NotificationBanner/Classes/NotificationBanner.swift; sourceTree = "<group>"; };
		5C025F741EE9E09E00ADB444 /* NotificationBannerQueue.swift */ = {isa = PBXFileReference; fileEncoding = 4; lastKnownFileType = sourcecode.swift; name = NotificationBannerQueue.swift; path = ../../NotificationBanner/Classes/NotificationBannerQueue.swift; sourceTree = "<group>"; };
		5C025F751EE9E09E00ADB444 /* StatusBarNotificationBanner.swift */ = {isa = PBXFileReference; fileEncoding = 4; lastKnownFileType = sourcecode.swift; name = StatusBarNotificationBanner.swift; path = ../../NotificationBanner/Classes/StatusBarNotificationBanner.swift; sourceTree = "<group>"; };
		5C34233B1EB50580004B804C /* CustomBannerColors.swift */ = {isa = PBXFileReference; fileEncoding = 4; lastKnownFileType = sourcecode.swift; path = CustomBannerColors.swift; sourceTree = "<group>"; };
		5C40232B22DCC5E900FD9E11 /* FloatingNotificationBanner.swift */ = {isa = PBXFileReference; fileEncoding = 4; lastKnownFileType = sourcecode.swift; name = FloatingNotificationBanner.swift; path = ../../NotificationBanner/Classes/FloatingNotificationBanner.swift; sourceTree = "<group>"; };
		5C8542E31EFDCA3A00AFBC90 /* BannerPositionFrame.swift */ = {isa = PBXFileReference; fileEncoding = 4; lastKnownFileType = sourcecode.swift; name = BannerPositionFrame.swift; path = ../../NotificationBanner/Classes/BannerPositionFrame.swift; sourceTree = "<group>"; };
		5C8890A71F7155840032D605 /* NotificationBannerUtilities.swift */ = {isa = PBXFileReference; lastKnownFileType = sourcecode.swift; name = NotificationBannerUtilities.swift; path = ../../NotificationBanner/Classes/NotificationBannerUtilities.swift; sourceTree = "<group>"; };
		5CBD22401E8353B30041DC8F /* ExampleView.swift */ = {isa = PBXFileReference; fileEncoding = 4; lastKnownFileType = sourcecode.swift; path = ExampleView.swift; sourceTree = "<group>"; };
		5CBD22421E83556E0041DC8F /* BasicNotificationBannerCell.swift */ = {isa = PBXFileReference; fileEncoding = 4; lastKnownFileType = sourcecode.swift; path = BasicNotificationBannerCell.swift; sourceTree = "<group>"; };
		5CBD22461E836DE50041DC8F /* NorthCarolinaBannerView.swift */ = {isa = PBXFileReference; fileEncoding = 4; lastKnownFileType = sourcecode.swift; path = NorthCarolinaBannerView.swift; sourceTree = "<group>"; };
		607FACD01AFB9204008FA782 /* NotificationBanner_Example.app */ = {isa = PBXFileReference; explicitFileType = wrapper.application; includeInIndex = 0; path = NotificationBanner_Example.app; sourceTree = BUILT_PRODUCTS_DIR; };
		607FACD41AFB9204008FA782 /* Info.plist */ = {isa = PBXFileReference; lastKnownFileType = text.plist.xml; path = Info.plist; sourceTree = "<group>"; };
		607FACD51AFB9204008FA782 /* AppDelegate.swift */ = {isa = PBXFileReference; lastKnownFileType = sourcecode.swift; path = AppDelegate.swift; sourceTree = "<group>"; };
		607FACD71AFB9204008FA782 /* ExampleViewController.swift */ = {isa = PBXFileReference; lastKnownFileType = sourcecode.swift; path = ExampleViewController.swift; sourceTree = "<group>"; };
		607FACDC1AFB9204008FA782 /* Images.xcassets */ = {isa = PBXFileReference; lastKnownFileType = folder.assetcatalog; path = Images.xcassets; sourceTree = "<group>"; };
		607FACDF1AFB9204008FA782 /* Base */ = {isa = PBXFileReference; lastKnownFileType = file.xib; name = Base; path = Base.lproj/LaunchScreen.xib; sourceTree = "<group>"; };
		7500A697C6E833EC276385EA /* Pods-NotificationBanner_Tests.release.xcconfig */ = {isa = PBXFileReference; includeInIndex = 1; lastKnownFileType = text.xcconfig; name = "Pods-NotificationBanner_Tests.release.xcconfig"; path = "Pods/Target Support Files/Pods-NotificationBanner_Tests/Pods-NotificationBanner_Tests.release.xcconfig"; sourceTree = "<group>"; };
		840E9FC59C7768D23E58F55F /* Pods-NotificationBanner_Example.release.xcconfig */ = {isa = PBXFileReference; includeInIndex = 1; lastKnownFileType = text.xcconfig; name = "Pods-NotificationBanner_Example.release.xcconfig"; path = "Pods/Target Support Files/Pods-NotificationBanner_Example/Pods-NotificationBanner_Example.release.xcconfig"; sourceTree = "<group>"; };
		9446DBF7E0185B738266C964 /* Pods_NotificationBanner_Tests.framework */ = {isa = PBXFileReference; explicitFileType = wrapper.framework; includeInIndex = 0; path = Pods_NotificationBanner_Tests.framework; sourceTree = BUILT_PRODUCTS_DIR; };
		994F519A87A30C0CFB80BF18 /* LICENSE */ = {isa = PBXFileReference; includeInIndex = 1; lastKnownFileType = text; name = LICENSE; path = ../LICENSE; sourceTree = "<group>"; };
		BB150F775F66DF9A8CE833B3 /* README.md */ = {isa = PBXFileReference; includeInIndex = 1; lastKnownFileType = net.daringfireball.markdown; name = README.md; path = ../README.md; sourceTree = "<group>"; };
		D6C5900404680E2F79494A4D /* Pods-NotificationBanner_Tests.debug.xcconfig */ = {isa = PBXFileReference; includeInIndex = 1; lastKnownFileType = text.xcconfig; name = "Pods-NotificationBanner_Tests.debug.xcconfig"; path = "Pods/Target Support Files/Pods-NotificationBanner_Tests/Pods-NotificationBanner_Tests.debug.xcconfig"; sourceTree = "<group>"; };
		F56DACBD7C95DD41B1CB7166 /* Pods_NotificationBanner_Example.framework */ = {isa = PBXFileReference; explicitFileType = wrapper.framework; includeInIndex = 0; path = Pods_NotificationBanner_Example.framework; sourceTree = BUILT_PRODUCTS_DIR; };
/* End PBXFileReference section */

/* Begin PBXFrameworksBuildPhase section */
		607FACCD1AFB9204008FA782 /* Frameworks */ = {
			isa = PBXFrameworksBuildPhase;
			buildActionMask = 2147483647;
			files = (
				B93482AB4D2354EDAEF1DC5B /* Pods_NotificationBanner_Example.framework in Frameworks */,
			);
			runOnlyForDeploymentPostprocessing = 0;
		};
/* End PBXFrameworksBuildPhase section */

/* Begin PBXGroup section */
		5C0BFCB51E7DFCCD00FE49EB /* Classes */ = {
			isa = PBXGroup;
			children = (
				5C025F6F1EE9E09E00ADB444 /* BannerColors.swift */,
				5C025F701EE9E09E00ADB444 /* BannerHapticGenerator.swift */,
				5C8542E31EFDCA3A00AFBC90 /* BannerPositionFrame.swift */,
				5C025F711EE9E09E00ADB444 /* BannerStyle.swift */,
				5C025F721EE9E09E00ADB444 /* BaseNotificationBanner.swift */,
				5C40232B22DCC5E900FD9E11 /* FloatingNotificationBanner.swift */,
				2B9CEC6021692C2100B5DEB9 /* GrowingNotificationBanner.swift */,
				5C025F731EE9E09E00ADB444 /* NotificationBanner.swift */,
				5C025F741EE9E09E00ADB444 /* NotificationBannerQueue.swift */,
				5C8890A71F7155840032D605 /* NotificationBannerUtilities.swift */,
				5C025F751EE9E09E00ADB444 /* StatusBarNotificationBanner.swift */,
			);
			name = Classes;
			sourceTree = "<group>";
		};
		607FACC71AFB9204008FA782 = {
			isa = PBXGroup;
			children = (
				607FACF51AFB993E008FA782 /* Podspec Metadata */,
				607FACD21AFB9204008FA782 /* Example for NotificationBanner */,
				607FACD11AFB9204008FA782 /* Products */,
				F28136B641FDF80C5F098790 /* Pods */,
				EF404FA0421DE564941FD743 /* Frameworks */,
			);
			sourceTree = "<group>";
		};
		607FACD11AFB9204008FA782 /* Products */ = {
			isa = PBXGroup;
			children = (
				607FACD01AFB9204008FA782 /* NotificationBanner_Example.app */,
			);
			name = Products;
			sourceTree = "<group>";
		};
		607FACD21AFB9204008FA782 /* Example for NotificationBanner */ = {
			isa = PBXGroup;
			children = (
				607FACD51AFB9204008FA782 /* AppDelegate.swift */,
				607FACD71AFB9204008FA782 /* ExampleViewController.swift */,
				5CBD22401E8353B30041DC8F /* ExampleView.swift */,
				5C34233B1EB50580004B804C /* CustomBannerColors.swift */,
				5CBD22421E83556E0041DC8F /* BasicNotificationBannerCell.swift */,
				5CBD22461E836DE50041DC8F /* NorthCarolinaBannerView.swift */,
				607FACDC1AFB9204008FA782 /* Images.xcassets */,
				607FACDE1AFB9204008FA782 /* LaunchScreen.xib */,
				5C0BFCB51E7DFCCD00FE49EB /* Classes */,
				607FACD31AFB9204008FA782 /* Supporting Files */,
			);
			name = "Example for NotificationBanner";
			path = NotificationBanner;
			sourceTree = "<group>";
		};
		607FACD31AFB9204008FA782 /* Supporting Files */ = {
			isa = PBXGroup;
			children = (
				607FACD41AFB9204008FA782 /* Info.plist */,
			);
			name = "Supporting Files";
			sourceTree = "<group>";
		};
		607FACF51AFB993E008FA782 /* Podspec Metadata */ = {
			isa = PBXGroup;
			children = (
				23D0884ED7027DCB5F8507CC /* NotificationBannerSwift.podspec */,
				BB150F775F66DF9A8CE833B3 /* README.md */,
				994F519A87A30C0CFB80BF18 /* LICENSE */,
			);
			name = "Podspec Metadata";
			sourceTree = "<group>";
		};
		EF404FA0421DE564941FD743 /* Frameworks */ = {
			isa = PBXGroup;
			children = (
				F56DACBD7C95DD41B1CB7166 /* Pods_NotificationBanner_Example.framework */,
				9446DBF7E0185B738266C964 /* Pods_NotificationBanner_Tests.framework */,
			);
			name = Frameworks;
			sourceTree = "<group>";
		};
		F28136B641FDF80C5F098790 /* Pods */ = {
			isa = PBXGroup;
			children = (
				3088C9C352176F7A8F6F90A2 /* Pods-NotificationBanner_Example.debug.xcconfig */,
				840E9FC59C7768D23E58F55F /* Pods-NotificationBanner_Example.release.xcconfig */,
				D6C5900404680E2F79494A4D /* Pods-NotificationBanner_Tests.debug.xcconfig */,
				7500A697C6E833EC276385EA /* Pods-NotificationBanner_Tests.release.xcconfig */,
			);
			name = Pods;
			sourceTree = "<group>";
		};
/* End PBXGroup section */

/* Begin PBXNativeTarget section */
		607FACCF1AFB9204008FA782 /* NotificationBanner_Example */ = {
			isa = PBXNativeTarget;
			buildConfigurationList = 607FACEF1AFB9204008FA782 /* Build configuration list for PBXNativeTarget "NotificationBanner_Example" */;
			buildPhases = (
				18FC55D9CE0D039F78712090 /* [CP] Check Pods Manifest.lock */,
				607FACCC1AFB9204008FA782 /* Sources */,
				607FACCD1AFB9204008FA782 /* Frameworks */,
				607FACCE1AFB9204008FA782 /* Resources */,
				7629B8B978C0CFFF85A73B35 /* [CP] Embed Pods Frameworks */,
			);
			buildRules = (
			);
			dependencies = (
			);
			name = NotificationBanner_Example;
			productName = NotificationBanner;
			productReference = 607FACD01AFB9204008FA782 /* NotificationBanner_Example.app */;
			productType = "com.apple.product-type.application";
		};
/* End PBXNativeTarget section */

/* Begin PBXProject section */
		607FACC81AFB9204008FA782 /* Project object */ = {
			isa = PBXProject;
			attributes = {
				LastSwiftUpdateCheck = 0720;
				LastUpgradeCheck = 1000;
				ORGANIZATIONNAME = CocoaPods;
				TargetAttributes = {
					607FACCF1AFB9204008FA782 = {
						CreatedOnToolsVersion = 6.3.1;
						DevelopmentTeam = S4K2Q6TV87;
						LastSwiftMigration = 1020;
						ProvisioningStyle = Automatic;
					};
				};
			};
			buildConfigurationList = 607FACCB1AFB9204008FA782 /* Build configuration list for PBXProject "NotificationBanner" */;
			compatibilityVersion = "Xcode 3.2";
			developmentRegion = en;
			hasScannedForEncodings = 0;
			knownRegions = (
				en,
				Base,
			);
			mainGroup = 607FACC71AFB9204008FA782;
			productRefGroup = 607FACD11AFB9204008FA782 /* Products */;
			projectDirPath = "";
			projectRoot = "";
			targets = (
				607FACCF1AFB9204008FA782 /* NotificationBanner_Example */,
			);
		};
/* End PBXProject section */

/* Begin PBXResourcesBuildPhase section */
		607FACCE1AFB9204008FA782 /* Resources */ = {
			isa = PBXResourcesBuildPhase;
			buildActionMask = 2147483647;
			files = (
				607FACE01AFB9204008FA782 /* LaunchScreen.xib in Resources */,
				607FACDD1AFB9204008FA782 /* Images.xcassets in Resources */,
			);
			runOnlyForDeploymentPostprocessing = 0;
		};
/* End PBXResourcesBuildPhase section */

/* Begin PBXShellScriptBuildPhase section */
		18FC55D9CE0D039F78712090 /* [CP] Check Pods Manifest.lock */ = {
			isa = PBXShellScriptBuildPhase;
			buildActionMask = 2147483647;
			files = (
			);
			inputPaths = (
				"${PODS_PODFILE_DIR_PATH}/Podfile.lock",
				"${PODS_ROOT}/Manifest.lock",
			);
			name = "[CP] Check Pods Manifest.lock";
			outputPaths = (
				"$(DERIVED_FILE_DIR)/Pods-NotificationBanner_Example-checkManifestLockResult.txt",
			);
			runOnlyForDeploymentPostprocessing = 0;
			shellPath = /bin/sh;
			shellScript = "diff \"${PODS_PODFILE_DIR_PATH}/Podfile.lock\" \"${PODS_ROOT}/Manifest.lock\" > /dev/null\nif [ $? != 0 ] ; then\n    # print error to STDERR\n    echo \"error: The sandbox is not in sync with the Podfile.lock. Run 'pod install' or update your CocoaPods installation.\" >&2\n    exit 1\nfi\n# This output is used by Xcode 'outputs' to avoid re-running this script phase.\necho \"SUCCESS\" > \"${SCRIPT_OUTPUT_FILE_0}\"\n";
			showEnvVarsInLog = 0;
		};
		7629B8B978C0CFFF85A73B35 /* [CP] Embed Pods Frameworks */ = {
			isa = PBXShellScriptBuildPhase;
			buildActionMask = 2147483647;
			files = (
			);
			inputPaths = (
				"${PODS_ROOT}/Target Support Files/Pods-NotificationBanner_Example/Pods-NotificationBanner_Example-frameworks.sh",
				"${BUILT_PRODUCTS_DIR}/MarqueeLabel/MarqueeLabel.framework",
				"${BUILT_PRODUCTS_DIR}/NotificationBannerSwift/NotificationBannerSwift.framework",
				"${BUILT_PRODUCTS_DIR}/SnapKit/SnapKit.framework",
			);
			name = "[CP] Embed Pods Frameworks";
			outputPaths = (
				"${TARGET_BUILD_DIR}/${FRAMEWORKS_FOLDER_PATH}/MarqueeLabel.framework",
				"${TARGET_BUILD_DIR}/${FRAMEWORKS_FOLDER_PATH}/NotificationBannerSwift.framework",
				"${TARGET_BUILD_DIR}/${FRAMEWORKS_FOLDER_PATH}/SnapKit.framework",
			);
			runOnlyForDeploymentPostprocessing = 0;
			shellPath = /bin/sh;
			shellScript = "\"${PODS_ROOT}/Target Support Files/Pods-NotificationBanner_Example/Pods-NotificationBanner_Example-frameworks.sh\"\n";
			showEnvVarsInLog = 0;
		};
/* End PBXShellScriptBuildPhase section */

/* Begin PBXSourcesBuildPhase section */
		607FACCC1AFB9204008FA782 /* Sources */ = {
			isa = PBXSourcesBuildPhase;
			buildActionMask = 2147483647;
			files = (
				5C025F7C1EE9E09E00ADB444 /* StatusBarNotificationBanner.swift in Sources */,
				5CBD22471E836DE50041DC8F /* NorthCarolinaBannerView.swift in Sources */,
				5C025F7A1EE9E09E00ADB444 /* NotificationBanner.swift in Sources */,
				5C025F761EE9E09E00ADB444 /* BannerColors.swift in Sources */,
				2B9CEC6121692C2100B5DEB9 /* GrowingNotificationBanner.swift in Sources */,
				5C40232C22DCC5E900FD9E11 /* FloatingNotificationBanner.swift in Sources */,
				5C025F781EE9E09E00ADB444 /* BannerStyle.swift in Sources */,
				5C025F791EE9E09E00ADB444 /* BaseNotificationBanner.swift in Sources */,
				607FACD81AFB9204008FA782 /* ExampleViewController.swift in Sources */,
				5C025F7B1EE9E09E00ADB444 /* NotificationBannerQueue.swift in Sources */,
				5C34233C1EB50580004B804C /* CustomBannerColors.swift in Sources */,
				5C025F771EE9E09E00ADB444 /* BannerHapticGenerator.swift in Sources */,
				5C8890A81F7155840032D605 /* NotificationBannerUtilities.swift in Sources */,
				5CBD22431E83556E0041DC8F /* BasicNotificationBannerCell.swift in Sources */,
				5CBD22411E8353B30041DC8F /* ExampleView.swift in Sources */,
				5C8542E41EFDCA3A00AFBC90 /* BannerPositionFrame.swift in Sources */,
				607FACD61AFB9204008FA782 /* AppDelegate.swift in Sources */,
			);
			runOnlyForDeploymentPostprocessing = 0;
		};
/* End PBXSourcesBuildPhase section */

/* Begin PBXVariantGroup section */
		607FACDE1AFB9204008FA782 /* LaunchScreen.xib */ = {
			isa = PBXVariantGroup;
			children = (
				607FACDF1AFB9204008FA782 /* Base */,
			);
			name = LaunchScreen.xib;
			sourceTree = "<group>";
		};
/* End PBXVariantGroup section */

/* Begin XCBuildConfiguration section */
		607FACED1AFB9204008FA782 /* Debug */ = {
			isa = XCBuildConfiguration;
			buildSettings = {
				ALWAYS_SEARCH_USER_PATHS = NO;
				CLANG_CXX_LANGUAGE_STANDARD = "gnu++0x";
				CLANG_CXX_LIBRARY = "libc++";
				CLANG_ENABLE_MODULES = YES;
				CLANG_ENABLE_OBJC_ARC = YES;
				CLANG_WARN_BLOCK_CAPTURE_AUTORELEASING = YES;
				CLANG_WARN_BOOL_CONVERSION = YES;
				CLANG_WARN_COMMA = YES;
				CLANG_WARN_CONSTANT_CONVERSION = YES;
				CLANG_WARN_DEPRECATED_OBJC_IMPLEMENTATIONS = YES;
				CLANG_WARN_DIRECT_OBJC_ISA_USAGE = YES_ERROR;
				CLANG_WARN_EMPTY_BODY = YES;
				CLANG_WARN_ENUM_CONVERSION = YES;
				CLANG_WARN_INFINITE_RECURSION = YES;
				CLANG_WARN_INT_CONVERSION = YES;
				CLANG_WARN_NON_LITERAL_NULL_CONVERSION = YES;
				CLANG_WARN_OBJC_IMPLICIT_RETAIN_SELF = YES;
				CLANG_WARN_OBJC_LITERAL_CONVERSION = YES;
				CLANG_WARN_OBJC_ROOT_CLASS = YES_ERROR;
				CLANG_WARN_RANGE_LOOP_ANALYSIS = YES;
				CLANG_WARN_STRICT_PROTOTYPES = YES;
				CLANG_WARN_SUSPICIOUS_MOVE = YES;
				CLANG_WARN_UNREACHABLE_CODE = YES;
				CLANG_WARN__DUPLICATE_METHOD_MATCH = YES;
				"CODE_SIGN_IDENTITY[sdk=iphoneos*]" = "iPhone Developer";
				COPY_PHASE_STRIP = NO;
				DEBUG_INFORMATION_FORMAT = "dwarf-with-dsym";
				ENABLE_STRICT_OBJC_MSGSEND = YES;
				ENABLE_TESTABILITY = YES;
				GCC_C_LANGUAGE_STANDARD = gnu99;
				GCC_DYNAMIC_NO_PIC = NO;
				GCC_NO_COMMON_BLOCKS = YES;
				GCC_OPTIMIZATION_LEVEL = 0;
				GCC_PREPROCESSOR_DEFINITIONS = (
					"DEBUG=1",
					"$(inherited)",
				);
				GCC_SYMBOLS_PRIVATE_EXTERN = NO;
				GCC_WARN_64_TO_32_BIT_CONVERSION = YES;
				GCC_WARN_ABOUT_RETURN_TYPE = YES_ERROR;
				GCC_WARN_UNDECLARED_SELECTOR = YES;
				GCC_WARN_UNINITIALIZED_AUTOS = YES_AGGRESSIVE;
				GCC_WARN_UNUSED_FUNCTION = YES;
				GCC_WARN_UNUSED_VARIABLE = YES;
				IPHONEOS_DEPLOYMENT_TARGET = 10.0;
				MTL_ENABLE_DEBUG_INFO = YES;
				ONLY_ACTIVE_ARCH = YES;
				SDKROOT = iphoneos;
				SWIFT_OPTIMIZATION_LEVEL = "-Onone";
			};
			name = Debug;
		};
		607FACEE1AFB9204008FA782 /* Release */ = {
			isa = XCBuildConfiguration;
			buildSettings = {
				ALWAYS_SEARCH_USER_PATHS = NO;
				CLANG_CXX_LANGUAGE_STANDARD = "gnu++0x";
				CLANG_CXX_LIBRARY = "libc++";
				CLANG_ENABLE_MODULES = YES;
				CLANG_ENABLE_OBJC_ARC = YES;
				CLANG_WARN_BLOCK_CAPTURE_AUTORELEASING = YES;
				CLANG_WARN_BOOL_CONVERSION = YES;
				CLANG_WARN_COMMA = YES;
				CLANG_WARN_CONSTANT_CONVERSION = YES;
				CLANG_WARN_DEPRECATED_OBJC_IMPLEMENTATIONS = YES;
				CLANG_WARN_DIRECT_OBJC_ISA_USAGE = YES_ERROR;
				CLANG_WARN_EMPTY_BODY = YES;
				CLANG_WARN_ENUM_CONVERSION = YES;
				CLANG_WARN_INFINITE_RECURSION = YES;
				CLANG_WARN_INT_CONVERSION = YES;
				CLANG_WARN_NON_LITERAL_NULL_CONVERSION = YES;
				CLANG_WARN_OBJC_IMPLICIT_RETAIN_SELF = YES;
				CLANG_WARN_OBJC_LITERAL_CONVERSION = YES;
				CLANG_WARN_OBJC_ROOT_CLASS = YES_ERROR;
				CLANG_WARN_RANGE_LOOP_ANALYSIS = YES;
				CLANG_WARN_STRICT_PROTOTYPES = YES;
				CLANG_WARN_SUSPICIOUS_MOVE = YES;
				CLANG_WARN_UNREACHABLE_CODE = YES;
				CLANG_WARN__DUPLICATE_METHOD_MATCH = YES;
				"CODE_SIGN_IDENTITY[sdk=iphoneos*]" = "iPhone Developer";
				COPY_PHASE_STRIP = NO;
				DEBUG_INFORMATION_FORMAT = "dwarf-with-dsym";
				ENABLE_NS_ASSERTIONS = NO;
				ENABLE_STRICT_OBJC_MSGSEND = YES;
				GCC_C_LANGUAGE_STANDARD = gnu99;
				GCC_NO_COMMON_BLOCKS = YES;
				GCC_WARN_64_TO_32_BIT_CONVERSION = YES;
				GCC_WARN_ABOUT_RETURN_TYPE = YES_ERROR;
				GCC_WARN_UNDECLARED_SELECTOR = YES;
				GCC_WARN_UNINITIALIZED_AUTOS = YES_AGGRESSIVE;
				GCC_WARN_UNUSED_FUNCTION = YES;
				GCC_WARN_UNUSED_VARIABLE = YES;
				IPHONEOS_DEPLOYMENT_TARGET = 10.0;
				MTL_ENABLE_DEBUG_INFO = NO;
				SDKROOT = iphoneos;
				SWIFT_OPTIMIZATION_LEVEL = "-Owholemodule";
				VALIDATE_PRODUCT = YES;
			};
			name = Release;
		};
		607FACF01AFB9204008FA782 /* Debug */ = {
			isa = XCBuildConfiguration;
			baseConfigurationReference = 3088C9C352176F7A8F6F90A2 /* Pods-NotificationBanner_Example.debug.xcconfig */;
			buildSettings = {
				ASSETCATALOG_COMPILER_APPICON_NAME = AppIcon;
				"CODE_SIGN_IDENTITY[sdk=iphoneos*]" = "iPhone Developer";
				DEVELOPMENT_TEAM = S4K2Q6TV87;
				INFOPLIST_FILE = NotificationBanner/Info.plist;
				IPHONEOS_DEPLOYMENT_TARGET = 10.0;
				LD_RUNPATH_SEARCH_PATHS = "$(inherited) @executable_path/Frameworks";
				MODULE_NAME = ExampleApp;
				PRODUCT_BUNDLE_IDENTIFIER = "org.cocoapods.demo.$(PRODUCT_NAME:rfc1034identifier)";
				PRODUCT_NAME = "$(TARGET_NAME)";
				PROVISIONING_PROFILE = "";
				PROVISIONING_PROFILE_SPECIFIER = "";
				SWIFT_VERSION = 5.0;
				TARGETED_DEVICE_FAMILY = "1,2";
			};
			name = Debug;
		};
		607FACF11AFB9204008FA782 /* Release */ = {
			isa = XCBuildConfiguration;
			baseConfigurationReference = 840E9FC59C7768D23E58F55F /* Pods-NotificationBanner_Example.release.xcconfig */;
			buildSettings = {
				ASSETCATALOG_COMPILER_APPICON_NAME = AppIcon;
				"CODE_SIGN_IDENTITY[sdk=iphoneos*]" = "iPhone Developer";
				DEVELOPMENT_TEAM = S4K2Q6TV87;
				INFOPLIST_FILE = NotificationBanner/Info.plist;
				IPHONEOS_DEPLOYMENT_TARGET = 10.0;
				LD_RUNPATH_SEARCH_PATHS = "$(inherited) @executable_path/Frameworks";
				MODULE_NAME = ExampleApp;
				PRODUCT_BUNDLE_IDENTIFIER = "org.cocoapods.demo.$(PRODUCT_NAME:rfc1034identifier)";
				PRODUCT_NAME = "$(TARGET_NAME)";
				SWIFT_VERSION = 5.0;
				TARGETED_DEVICE_FAMILY = "1,2";
			};
			name = Release;
		};
/* End XCBuildConfiguration section */

/* Begin XCConfigurationList section */
		607FACCB1AFB9204008FA782 /* Build configuration list for PBXProject "NotificationBanner" */ = {
			isa = XCConfigurationList;
			buildConfigurations = (
				607FACED1AFB9204008FA782 /* Debug */,
				607FACEE1AFB9204008FA782 /* Release */,
			);
			defaultConfigurationIsVisible = 0;
			defaultConfigurationName = Release;
		};
		607FACEF1AFB9204008FA782 /* Build configuration list for PBXNativeTarget "NotificationBanner_Example" */ = {
			isa = XCConfigurationList;
			buildConfigurations = (
				607FACF01AFB9204008FA782 /* Debug */,
				607FACF11AFB9204008FA782 /* Release */,
			);
			defaultConfigurationIsVisible = 0;
			defaultConfigurationName = Release;
		};
/* End XCConfigurationList section */
	};
	rootObject = 607FACC81AFB9204008FA782 /* Project object */;
}
